
Microsoft Visual Studio Solution File, Format Version 12.00
# Visual Studio Version 17
VisualStudioVersion = 17.10.34916.146
MinimumVisualStudioVersion = 10.0.40219.1
Project("{8BC9CEB8-8B4A-11D0-8D11-00A0C91BC942}") = "d3d12", "d3d12\d3d12.vcxproj", "{4FB177F6-120E-44B4-AD1E-C470F87AEB8D}"
EndProject
Global
	GlobalSection(SolutionConfigurationPlatforms) = preSolution
		Debug|x64 = Debug|x64
		Debug|x86 = Debug|x86
		Release|x64 = Release|x64
		Release|x86 = Release|x86
	EndGlobalSection
	GlobalSection(ProjectConfigurationPlatforms) = postSolution
		{4FB177F6-120E-44B4-AD1E-C470F87AEB8D}.Debug|x64.ActiveCfg = Debug|x64
		{4FB177F6-120E-44B4-AD1E-C470F87AEB8D}.Debug|x64.Build.0 = Debug|x64
		{4FB177F6-120E-44B4-AD1E-C470F87AEB8D}.Debug|x86.ActiveCfg = Debug|Win32
		{4FB177F6-120E-44B4-AD1E-C470F87AEB8D}.Debug|x86.Build.0 = Debug|Win32
		{4FB177F6-120E-44B4-AD1E-C470F87AEB8D}.Release|x64.ActiveCfg = Release|x64
		{4FB177F6-120E-44B4-AD1E-C470F87AEB8D}.Release|x64.Build.0 = Release|x64
		{4FB177F6-120E-44B4-AD1E-C470F87AEB8D}.Release|x86.ActiveCfg = Release|Win32
		{4FB177F6-120E-44B4-AD1E-C470F87AEB8D}.Release|x86.Build.0 = Release|Win32
	EndGlobalSection
	GlobalSection(SolutionProperties) = preSolution
		HideSolutionNode = FALSE
	EndGlobalSection
	GlobalSection(ExtensibilityGlobals) = postSolution
		SolutionGuid = {EEFA5A1C-F507-40B8-8AE6-1969922206BD}
	EndGlobalSection
EndGlobal
